
Microsoft Visual Studio Solution File, Format Version 12.00
# Visual Studio Version 17
VisualStudioVersion = 17.5.33502.453
MinimumVisualStudioVersion = 10.0.40219.1
Project("{9A19103F-16F7-4668-BE54-9A1E7A4F7556}") = "TaskManagement", "TaskManagement\TaskManagement.csproj", "{B5B72A57-C531-4CBE-ACC7-275D8B042997}"
EndProject
Project("{9A19103F-16F7-4668-BE54-9A1E7A4F7556}") = "UnitTest", "UnitTest\UnitTest.csproj", "{5E9FE4EF-D6EA-4302-BFDF-72B0F3203B1F}"
EndProject
Project("{FAE04EC0-301F-11D3-BF4B-00C04F79EFBC}") = "FileUpload", "FileUpload\FileUpload.csproj", "{478A90C6-0403-4C78-A2F6-FFF6E20EE64E}"
EndProject
Global
	GlobalSection(SolutionConfigurationPlatforms) = preSolution
		Debug|Any CPU = Debug|Any CPU
		Release|Any CPU = Release|Any CPU
	EndGlobalSection
	GlobalSection(ProjectConfigurationPlatforms) = postSolution
		{B5B72A57-C531-4CBE-ACC7-275D8B042997}.Debug|Any CPU.ActiveCfg = Debug|Any CPU
		{B5B72A57-C531-4CBE-ACC7-275D8B042997}.Debug|Any CPU.Build.0 = Debug|Any CPU
		{B5B72A57-C531-4CBE-ACC7-275D8B042997}.Release|Any CPU.ActiveCfg = Release|Any CPU
		{B5B72A57-C531-4CBE-ACC7-275D8B042997}.Release|Any CPU.Build.0 = Release|Any CPU
		{5E9FE4EF-D6EA-4302-BFDF-72B0F3203B1F}.Debug|Any CPU.ActiveCfg = Debug|Any CPU
		{5E9FE4EF-D6EA-4302-BFDF-72B0F3203B1F}.Debug|Any CPU.Build.0 = Debug|Any CPU
		{5E9FE4EF-D6EA-4302-BFDF-72B0F3203B1F}.Release|Any CPU.ActiveCfg = Release|Any CPU
		{5E9FE4EF-D6EA-4302-BFDF-72B0F3203B1F}.Release|Any CPU.Build.0 = Release|Any CPU
		{478A90C6-0403-4C78-A2F6-FFF6E20EE64E}.Debug|Any CPU.ActiveCfg = Debug|Any CPU
		{478A90C6-0403-4C78-A2F6-FFF6E20EE64E}.Debug|Any CPU.Build.0 = Debug|Any CPU
		{478A90C6-0403-4C78-A2F6-FFF6E20EE64E}.Release|Any CPU.ActiveCfg = Release|Any CPU
		{478A90C6-0403-4C78-A2F6-FFF6E20EE64E}.Release|Any CPU.Build.0 = Release|Any CPU
	EndGlobalSection
	GlobalSection(SolutionProperties) = preSolution
		HideSolutionNode = FALSE
	EndGlobalSection
	GlobalSection(ExtensibilityGlobals) = postSolution
		SolutionGuid = {C510BA16-6B2D-461A-9251-F634488FD531}
	EndGlobalSection
EndGlobal
